
Microsoft Visual Studio Solution File, Format Version 12.00
# Visual Studio Version 17
VisualStudioVersion = 17.3.32922.545
MinimumVisualStudioVersion = 10.0.40219.1
Project("{FAE04EC0-301F-11D3-BF4B-00C04F79EFBC}") = "Lab 4.2", "Lab 4.2.csproj", "{E740C02A-8FDC-44FF-9F04-FE179B752DCF}"
EndProject
Global
	GlobalSection(SolutionConfigurationPlatforms) = preSolution
		Debug|Any CPU = Debug|Any CPU
		Release|Any CPU = Release|Any CPU
	EndGlobalSection
	GlobalSection(ProjectConfigurationPlatforms) = postSolution
		{E740C02A-8FDC-44FF-9F04-FE179B752DCF}.Debug|Any CPU.ActiveCfg = Debug|Any CPU
		{E740C02A-8FDC-44FF-9F04-FE179B752DCF}.Debug|Any CPU.Build.0 = Debug|Any CPU
		{E740C02A-8FDC-44FF-9F04-FE179B752DCF}.Release|Any CPU.ActiveCfg = Release|Any CPU
		{E740C02A-8FDC-44FF-9F04-FE179B752DCF}.Release|Any CPU.Build.0 = Release|Any CPU
	EndGlobalSection
	GlobalSection(SolutionProperties) = preSolution
		HideSolutionNode = FALSE
	EndGlobalSection
	GlobalSection(ExtensibilityGlobals) = postSolution
		SolutionGuid = {7270571D-9F1E-4DBB-9BDE-4FBA98B79F8B}
	EndGlobalSection
EndGlobal
